{
    "_readme": [
        "This file locks the dependencies of your project to a known state",
        "Read more about it at https://getcomposer.org/doc/01-basic-usage.md#installing-dependencies",
        "This file is @generated automatically"
    ],
    "content-hash": "e15d8fbae3131ba7791e64d2ccc251d8",
    "packages": [
        {
            "name": "altis/workflow",
            "version": "5.0.0",
            "source": {
                "type": "git",
                "url": "https://github.com/humanmade/altis-workflow.git",
                "reference": "b64ef0a792a40be40166c797d97bce5f165cd2d6"
            },
            "dist": {
                "type": "zip",
                "url": "https://api.github.com/repos/humanmade/altis-workflow/zipball/b64ef0a792a40be40166c797d97bce5f165cd2d6",
                "reference": "b64ef0a792a40be40166c797d97bce5f165cd2d6",
                "shasum": ""
            },
            "require": {
                "humanmade/publication-checklist": "~0.2.0",
                "humanmade/workflows": "~0.3.11",
                "php": ">=7.1"
            },
            "type": "package",
            "extra": {
                "altis": []
            },
            "autoload": {
                "classmap": [
                    "inc/"
                ],
                "files": [
                    "inc/namespace.php",
                    "inc/notifications/namespace.php"
                ]
            },
            "notification-url": "https://packagist.org/downloads/",
            "license": [
                "GPL-3.0"
            ],
            "authors": [
                {
                    "name": "Human Made Limited",
                    "email": "hello@humanmade.com"
                }
            ],
            "description": "Workflow module for Altis",
            "time": "2020-09-17T11:06:47+00:00"
        },
        {
            "name": "cmb2/cmb2",
            "version": "v2.7.0",
            "dist": {
                "type": "zip",
                "url": "https://github.com/CMB2/CMB2/archive/v2.7.0.zip",
                "reference": "v2.7.0"
            },
            "type": "wordpress-muplugin"
        },
        {
            "name": "composer/installers",
            "version": "v1.9.0",
            "source": {
                "type": "git",
                "url": "https://github.com/composer/installers.git",
                "reference": "b93bcf0fa1fccb0b7d176b0967d969691cd74cca"
            },
            "dist": {
                "type": "zip",
                "url": "https://api.github.com/repos/composer/installers/zipball/b93bcf0fa1fccb0b7d176b0967d969691cd74cca",
                "reference": "b93bcf0fa1fccb0b7d176b0967d969691cd74cca",
                "shasum": ""
            },
            "require": {
                "composer-plugin-api": "^1.0 || ^2.0"
            },
            "replace": {
                "roundcube/plugin-installer": "*",
                "shama/baton": "*"
            },
            "require-dev": {
                "composer/composer": "1.6.* || 2.0.*@dev",
                "composer/semver": "1.0.* || 2.0.*@dev",
                "phpunit/phpunit": "^4.8.36",
                "sebastian/comparator": "^1.2.4",
                "symfony/process": "^2.3"
            },
            "type": "composer-plugin",
            "extra": {
                "class": "Composer\\Installers\\Plugin",
                "branch-alias": {
                    "dev-master": "1.0-dev"
                }
            },
            "autoload": {
                "psr-4": {
                    "Composer\\Installers\\": "src/Composer/Installers"
                }
            },
            "notification-url": "https://packagist.org/downloads/",
            "license": [
                "MIT"
            ],
            "authors": [
                {
                    "name": "Kyle Robinson Young",
                    "email": "kyle@dontkry.com",
                    "homepage": "https://github.com/shama"
                }
            ],
            "description": "A multi-framework Composer library installer",
            "homepage": "https://composer.github.io/installers/",
            "keywords": [
                "Craft",
                "Dolibarr",
                "Eliasis",
                "Hurad",
                "ImageCMS",
                "Kanboard",
                "Lan Management System",
                "MODX Evo",
                "MantisBT",
                "Mautic",
                "Maya",
                "OXID",
                "Plentymarkets",
                "Porto",
                "RadPHP",
                "SMF",
                "Thelia",
                "Whmcs",
                "WolfCMS",
                "agl",
                "aimeos",
                "annotatecms",
                "attogram",
                "bitrix",
                "cakephp",
                "chef",
                "cockpit",
                "codeigniter",
                "concrete5",
                "croogo",
                "dokuwiki",
                "drupal",
                "eZ Platform",
                "elgg",
                "expressionengine",
                "fuelphp",
                "grav",
                "installer",
                "itop",
                "joomla",
                "known",
                "kohana",
                "laravel",
                "lavalite",
                "lithium",
                "magento",
                "majima",
                "mako",
                "mediawiki",
                "modulework",
                "modx",
                "moodle",
                "osclass",
                "phpbb",
                "piwik",
                "ppi",
                "puppet",
                "pxcms",
                "reindex",
                "roundcube",
                "shopware",
                "silverstripe",
                "sydes",
                "sylius",
                "symfony",
                "typo3",
                "wordpress",
                "yawik",
                "zend",
                "zikula"
            ],
            "funding": [
                {
                    "url": "https://packagist.com",
                    "type": "custom"
                },
                {
                    "url": "https://tidelift.com/funding/github/packagist/composer/composer",
                    "type": "tidelift"
                }
            ],
            "time": "2020-04-07T06:57:05+00:00"
        },
        {
            "name": "humanmade/gaussholder",
            "version": "1.1.3",
            "source": {
                "type": "git",
                "url": "https://github.com/humanmade/Gaussholder.git",
                "reference": "8571d08ad5018384702ec297bb2e578d74ae3eb9"
            },
            "dist": {
                "type": "zip",
                "url": "https://api.github.com/repos/humanmade/Gaussholder/zipball/8571d08ad5018384702ec297bb2e578d74ae3eb9",
                "reference": "8571d08ad5018384702ec297bb2e578d74ae3eb9",
                "shasum": ""
            },
            "require": {
                "composer/installers": "~1.0",
                "php": ">=5.3"
            },
            "type": "wordpress-plugin",
            "notification-url": "https://packagist.org/downloads/",
            "license": [
                "GPL-2.0-or-later"
            ],
            "authors": [
                {
                    "name": "Contributors",
                    "homepage": "https://github.com/humanmade/Gaussholder/graphs/contributors"
                }
            ],
            "description": "Fast and lightweight image previews for WordPress",
            "keywords": [
                "images",
                "plugin",
                "wordpress"
            ],
            "time": "2019-05-13T10:17:03+00:00"
        },
        {
            "name": "humanmade/publication-checklist",
            "version": "0.2.2",
            "source": {
                "type": "git",
                "url": "https://github.com/humanmade/publication-checklist.git",
                "reference": "f82cb5933595502a0b7a004a758778d6b510c409"
            },
            "dist": {
                "type": "zip",
                "url": "https://api.github.com/repos/humanmade/publication-checklist/zipball/f82cb5933595502a0b7a004a758778d6b510c409",
                "reference": "f82cb5933595502a0b7a004a758778d6b510c409",
                "shasum": ""
            },
            "require": {
                "php": ">=7.0"
            },
            "type": "wordpress-plugin",
            "notification-url": "https://packagist.org/downloads/",
            "license": [
                "GPL-3.0"
            ],
            "authors": [
                {
                    "name": "Human Made",
                    "email": "hello@humanmade.com"
                }
            ],
            "description": "Run checks and enforce conditions before posts are published.",
            "time": "2020-09-08T16:13:47+00:00"
        },
        {
            "name": "humanmade/smart-media",
            "version": "0.3.4",
            "source": {
                "type": "git",
                "url": "https://github.com/humanmade/smart-media.git",
                "reference": "5faafb3e74ab3ebdca349a1d37a9c4bbb3e69408"
            },
            "dist": {
                "type": "zip",
                "url": "https://api.github.com/repos/humanmade/smart-media/zipball/5faafb3e74ab3ebdca349a1d37a9c4bbb3e69408",
                "reference": "5faafb3e74ab3ebdca349a1d37a9c4bbb3e69408",
                "shasum": ""
            },
            "type": "wordpress-plugin",
            "notification-url": "https://packagist.org/downloads/",
            "license": [
                "GPL-3.0"
            ],
            "authors": [
                {
                    "name": "Robert O'Rourke",
                    "email": "rob@humanmade.com"
                }
            ],
            "description": "Smart Media features for HM Cloud",
            "time": "2020-12-01T18:42:57+00:00"
        },
        {
            "name": "humanmade/workflows",
            "version": "0.3.11",
            "source": {
                "type": "git",
                "url": "https://github.com/humanmade/Workflows.git",
                "reference": "cd324b27603d7b6db53ad7006efad248ff39c945"
            },
            "dist": {
                "type": "zip",
                "url": "https://api.github.com/repos/humanmade/Workflows/zipball/cd324b27603d7b6db53ad7006efad248ff39c945",
                "reference": "cd324b27603d7b6db53ad7006efad248ff39c945",
                "shasum": ""
            },
            "require": {
                "php": ">=7.0"
            },
            "require-dev": {
                "humanmade/coding-standards": "^0.5.0"
            },
            "type": "wordpress-plugin",
            "notification-url": "https://packagist.org/downloads/",
            "license": [
                "GPL-3.0"
            ],
            "authors": [
                {
                    "name": "Robert O'Rourke",
                    "email": "rob@humanmade.com"
                }
            ],
            "description": "Workflow management for WordPress, an extensible event and notification system.",
            "time": "2020-09-02T16:53:40+00:00"
        },
        {
            "name": "jazzsequence/address-book",
            "version": "0.3.2",
            "source": {
                "type": "git",
                "url": "https://github.com/jazzsequence/address-book",
                "reference": "tags/0.3.2"
            },
            "type": "wordpress-plugin"
        },
        {
            "name": "jazzsequence/altis-cms",
            "version": "5.1.2",
            "source": {
                "type": "git",
                "url": "https://github.com/jazzsequence/altis-cms",
                "reference": "tags/5.1.2"
            },
            "type": "wordpress-muplugin"
        },
        {
            "name": "jazzsequence/artists",
            "version": "1.0.1",
            "source": {
                "type": "git",
                "url": "https://github.com/jazzsequence/Artists",
                "reference": "tags/1.0.1"
            },
            "type": "wordpress-plugin"
        },
        {
            "name": "jazzsequence/cat-signal",
            "version": "1.1.3",
            "source": {
                "type": "git",
                "url": "https://github.com/jazzsequence/cat-signal",
                "reference": "tags/1.1.3"
            },
            "type": "wordpress-plugin"
        },
        {
            "name": "jazzsequence/games-collector",
            "version": "1.3.4",
            "source": {
                "type": "git",
                "url": "https://github.com/jazzsequence/games-collector",
                "reference": "tags/1.3.4"
            },
            "type": "wordpress-plugin"
        },
        {
            "name": "jazzsequence/hello-ziggy",
            "version": "2.1",
            "dist": {
                "type": "zip",
                "url": "https://github.com/jazzsequence/hello-ziggy/archive/2.1.zip",
                "reference": "2.1"
            },
            "type": "wordpress-plugin"
        },
        {
            "name": "jazzsequence/notifications",
            "version": "1.1.3",
            "source": {
                "type": "git",
                "url": "https://github.com/jazzsequence/notifications",
                "reference": "tags/1.1.3"
            },
            "type": "wordpress-plugin"
        },
        {
            "name": "jazzsequence/progress-bar",
            "version": "2.1.4",
            "source": {
                "type": "git",
                "url": "https://github.com/jazzsequence/progress-bar",
                "reference": "tags/2.1.4"
            },
            "type": "wordpress-plugin"
        },
        {
            "name": "jazzsequence/recipe-box",
            "version": "0.3.4",
            "source": {
                "type": "git",
                "url": "https://github.com/jazzsequence/recipe-box.git",
                "reference": "7615b65e342396f6bb20aed0604ffb876e64a709"
            },
            "dist": {
                "type": "zip",
                "url": "https://api.github.com/repos/jazzsequence/recipe-box/zipball/7615b65e342396f6bb20aed0604ffb876e64a709",
                "reference": "7615b65e342396f6bb20aed0604ffb876e64a709",
                "shasum": ""
            },
            "type": "wordpress-plugin",
            "license": [
                "GPL-3.0-or-later"
            ],
            "authors": [
                {
                    "name": "Chris Reynolds",
                    "email": "me@chrisreynolds.io"
                }
            ],
            "description": "Easily store and publish recipes in WordPress.",
            "support": {
                "source": "https://github.com/jazzsequence/recipe-box/tree/0.3.4",
                "issues": "https://github.com/jazzsequence/recipe-box/issues"
            },
            "time": "2020-11-16T17:43:04+00:00"
        },
        {
            "name": "jazzsequence/releases",
            "version": "1.2.2",
            "source": {
                "type": "git",
                "url": "https://github.com/jazzsequence/releases",
                "reference": "1.2.2"
            },
            "type": "wordpress-plugin"
        },
        {
            "name": "jazzsequence/reviews",
            "version": "2.0.0",
            "source": {
                "type": "git",
                "url": "https://github.com/jazzsequence/reviews",
                "reference": "tags/2.0.0"
            },
            "type": "wordpress-plugin"
        },
        {
            "name": "jazzsequence/wp-show-tracker",
            "version": "0.6",
            "source": {
                "type": "git",
                "url": "https://github.com/jazzsequence/wp-show-tracker",
                "reference": "tags/0.6"
            },
            "type": "wordpress-plugin"
        },
        {
            "name": "johnbillion/extended-cpts",
            "version": "4.4.1",
            "source": {
                "type": "git",
                "url": "https://github.com/johnbillion/extended-cpts.git",
                "reference": "b62d104bffbf9998a1063879565f61c289f0c6a9"
            },
            "dist": {
                "type": "zip",
                "url": "https://api.github.com/repos/johnbillion/extended-cpts/zipball/b62d104bffbf9998a1063879565f61c289f0c6a9",
                "reference": "b62d104bffbf9998a1063879565f61c289f0c6a9",
                "shasum": ""
            },
            "require": {
                "php": "^7.0"
            },
            "require-dev": {
                "automattic/phpcs-neutron-standard": "1.5.4",
                "dealerdirect/phpcodesniffer-composer-installer": "^0.7",
                "johnbillion/falsey-assertequals-detector": "^2",
                "johnbillion/php-docs-standards": "^1",
                "phpcompatibility/phpcompatibility-wp": "^2",
                "phpunit/phpunit": "^6",
                "roots/wordpress": "*",
                "vlucas/phpdotenv": "^3",
                "wp-cli/db-command": "^2.0",
                "wp-coding-standards/wpcs": "2.3.0",
                "wp-phpunit/wp-phpunit": "*"
            },
            "suggest": {
                "seravo/wp-custom-bulk-actions": "Custom Bulk Actions",
                "wpackagist-plugin/rewrite-testing": "Rewrite Rule Testing"
            },
            "type": "library",
            "extra": {
                "wordpress-install-dir": "tests/wordpress"
            },
            "autoload": {
                "psr-4": {
                    "ExtCPTs\\Tests\\": "tests/phpunit"
                },
                "files": [
                    "extended-cpts.php"
                ]
            },
            "notification-url": "https://packagist.org/downloads/",
            "license": [
                "GPL-2.0+"
            ],
            "authors": [
                {
                    "name": "John Blackbourn",
                    "homepage": "https://johnblackbourn.com/"
                }
            ],
            "description": "A library which provides extended functionality to WordPress custom post types and taxonomies.",
            "homepage": "https://github.com/johnbillion/extended-cpts/",
            "funding": [
                {
                    "url": "https://github.com/johnbillion",
                    "type": "github"
                }
            ],
            "time": "2020-12-05T20:15:02+00:00"
        },
        {
            "name": "wpackagist-plugin/amazon-s3-and-cloudfront",
            "version": "2.5.2",
            "source": {
                "type": "svn",
                "url": "https://plugins.svn.wordpress.org/amazon-s3-and-cloudfront/",
                "reference": "tags/2.5.2"
            },
            "dist": {
                "type": "zip",
                "url": "https://downloads.wordpress.org/plugin/amazon-s3-and-cloudfront.2.5.2.zip"
            },
            "require": {
                "composer/installers": "~1.0"
            },
            "type": "wordpress-plugin",
            "homepage": "https://wordpress.org/plugins/amazon-s3-and-cloudfront/"
        },
        {
            "name": "wpackagist-plugin/fix-rss-feed",
            "version": "3.1",
            "source": {
                "type": "svn",
                "url": "https://plugins.svn.wordpress.org/fix-rss-feed/",
                "reference": "trunk"
            },
            "dist": {
                "type": "zip",
                "url": "https://downloads.wordpress.org/plugin/fix-rss-feed.zip?timestamp=1312994351"
            },
            "require": {
                "composer/installers": "~1.0"
            },
            "type": "wordpress-plugin",
            "homepage": "https://wordpress.org/plugins/fix-rss-feed/"
        },
        {
            "name": "wpackagist-plugin/glotpress",
            "version": "2.3.1",
            "source": {
                "type": "svn",
                "url": "https://plugins.svn.wordpress.org/glotpress/",
                "reference": "tags/2.3.1"
            },
            "dist": {
                "type": "zip",
                "url": "https://downloads.wordpress.org/plugin/glotpress.2.3.1.zip"
            },
            "require": {
                "composer/installers": "~1.0"
            },
            "type": "wordpress-plugin",
            "homepage": "https://wordpress.org/plugins/glotpress/"
        },
        {
            "name": "wpackagist-plugin/google-analyticator",
            "version": "6.5.5",
            "source": {
                "type": "svn",
                "url": "https://plugins.svn.wordpress.org/google-analyticator/",
                "reference": "tags/6.5.5"
            },
            "dist": {
                "type": "zip",
                "url": "https://downloads.wordpress.org/plugin/google-analyticator.6.5.5.zip"
            },
            "require": {
                "composer/installers": "~1.0"
            },
            "type": "wordpress-plugin",
            "homepage": "https://wordpress.org/plugins/google-analyticator/"
        },
        {
            "name": "wpackagist-plugin/gutenberg",
            "version": "9.5.1",
            "source": {
                "type": "svn",
                "url": "https://plugins.svn.wordpress.org/gutenberg/",
                "reference": "tags/9.5.1"
            },
            "dist": {
                "type": "zip",
                "url": "https://downloads.wordpress.org/plugin/gutenberg.9.5.1.zip"
            },
            "require": {
                "composer/installers": "~1.0"
            },
            "type": "wordpress-plugin",
            "homepage": "https://wordpress.org/plugins/gutenberg/"
        },
        {
            "name": "wpackagist-plugin/jetpack",
            "version": "9.2.1",
            "source": {
                "type": "svn",
                "url": "https://plugins.svn.wordpress.org/jetpack/",
                "reference": "tags/9.2.1"
            },
            "dist": {
                "type": "zip",
                "url": "https://downloads.wordpress.org/plugin/jetpack.9.2.1.zip"
            },
            "require": {
                "composer/installers": "~1.0"
            },
            "type": "wordpress-plugin",
            "homepage": "https://wordpress.org/plugins/jetpack/"
        },
        {
            "name": "wpackagist-plugin/ninja-forms",
            "version": "3.4.33",
            "source": {
                "type": "svn",
                "url": "https://plugins.svn.wordpress.org/ninja-forms/",
                "reference": "tags/3.4.33"
            },
            "dist": {
                "type": "zip",
                "url": "https://downloads.wordpress.org/plugin/ninja-forms.3.4.33.zip"
            },
            "require": {
                "composer/installers": "~1.0"
            },
            "type": "wordpress-plugin",
            "homepage": "https://wordpress.org/plugins/ninja-forms/"
        },
        {
            "name": "wpackagist-plugin/organize-series",
            "version": "2.5.13",
            "source": {
                "type": "svn",
                "url": "https://plugins.svn.wordpress.org/organize-series/",
                "reference": "tags/2.5.13"
            },
            "dist": {
                "type": "zip",
                "url": "https://downloads.wordpress.org/plugin/organize-series.2.5.13.zip"
            },
            "require": {
                "composer/installers": "~1.0"
            },
            "type": "wordpress-plugin",
            "homepage": "https://wordpress.org/plugins/organize-series/"
        },
        {
            "name": "wpackagist-plugin/p3-profiler",
            "version": "1.5.4",
            "source": {
                "type": "svn",
                "url": "https://plugins.svn.wordpress.org/p3-profiler/",
                "reference": "tags/1.5.4"
            },
            "dist": {
                "type": "zip",
                "url": "https://downloads.wordpress.org/plugin/p3-profiler.1.5.4.zip"
            },
            "require": {
                "composer/installers": "~1.0"
            },
            "type": "wordpress-plugin",
            "homepage": "https://wordpress.org/plugins/p3-profiler/"
        },
        {
            "name": "wpackagist-plugin/plugins-garbage-collector",
            "version": "0.12",
            "source": {
                "type": "svn",
                "url": "https://plugins.svn.wordpress.org/plugins-garbage-collector/",
                "reference": "tags/0.12"
            },
            "dist": {
                "type": "zip",
                "url": "https://downloads.wordpress.org/plugin/plugins-garbage-collector.0.12.zip"
            },
            "require": {
                "composer/installers": "~1.0"
            },
            "type": "wordpress-plugin",
            "homepage": "https://wordpress.org/plugins/plugins-garbage-collector/"
        },
        {
            "name": "wpackagist-plugin/quick-pagepost-redirect-plugin",
            "version": "5.2.1",
            "source": {
                "type": "svn",
                "url": "https://plugins.svn.wordpress.org/quick-pagepost-redirect-plugin/",
                "reference": "tags/5.2.1"
            },
            "dist": {
                "type": "zip",
                "url": "https://downloads.wordpress.org/plugin/quick-pagepost-redirect-plugin.5.2.1.zip"
            },
            "require": {
                "composer/installers": "~1.0"
            },
            "type": "wordpress-plugin",
            "homepage": "https://wordpress.org/plugins/quick-pagepost-redirect-plugin/"
        },
        {
            "name": "wpackagist-plugin/regenerate-thumbnails",
            "version": "3.1.4",
            "source": {
                "type": "svn",
                "url": "https://plugins.svn.wordpress.org/regenerate-thumbnails/",
                "reference": "tags/3.1.4"
            },
            "dist": {
                "type": "zip",
                "url": "https://downloads.wordpress.org/plugin/regenerate-thumbnails.3.1.4.zip"
            },
            "require": {
                "composer/installers": "~1.0"
            },
            "type": "wordpress-plugin",
            "homepage": "https://wordpress.org/plugins/regenerate-thumbnails/"
        },
        {
            "name": "wpackagist-plugin/ssl-insecure-content-fixer",
            "version": "2.7.2",
            "source": {
                "type": "svn",
                "url": "https://plugins.svn.wordpress.org/ssl-insecure-content-fixer/",
                "reference": "tags/2.7.2"
            },
            "dist": {
                "type": "zip",
                "url": "https://downloads.wordpress.org/plugin/ssl-insecure-content-fixer.2.7.2.zip"
            },
            "require": {
                "composer/installers": "~1.0"
            },
            "type": "wordpress-plugin",
            "homepage": "https://wordpress.org/plugins/ssl-insecure-content-fixer/"
        },
        {
            "name": "wpackagist-plugin/storyftw",
            "version": "0.1.4",
            "source": {
                "type": "svn",
                "url": "https://plugins.svn.wordpress.org/storyftw/",
                "reference": "trunk"
            },
            "dist": {
                "type": "zip",
                "url": "https://downloads.wordpress.org/plugin/storyftw.zip?timestamp=1425145416"
            },
            "require": {
                "composer/installers": "~1.0"
            },
            "type": "wordpress-plugin",
            "homepage": "https://wordpress.org/plugins/storyftw/"
        },
        {
            "name": "wpackagist-plugin/wordpress-https",
            "version": "3.4.2",
            "source": {
                "type": "svn",
                "url": "https://plugins.svn.wordpress.org/wordpress-https/",
                "reference": "tags/3.4.2"
            },
            "dist": {
                "type": "zip",
                "url": "https://downloads.wordpress.org/plugin/wordpress-https.3.4.2.zip"
            },
            "require": {
                "composer/installers": "~1.0"
            },
            "type": "wordpress-plugin",
            "homepage": "https://wordpress.org/plugins/wordpress-https/"
        },
        {
            "name": "wpackagist-plugin/wordpress-mu-domain-mapping",
            "version": "0.5.5.1",
            "source": {
                "type": "svn",
                "url": "https://plugins.svn.wordpress.org/wordpress-mu-domain-mapping/",
                "reference": "tags/0.5.5.1"
            },
            "dist": {
                "type": "zip",
                "url": "https://downloads.wordpress.org/plugin/wordpress-mu-domain-mapping.0.5.5.1.zip"
            },
            "require": {
                "composer/installers": "~1.0"
            },
            "type": "wordpress-plugin",
            "homepage": "https://wordpress.org/plugins/wordpress-mu-domain-mapping/"
        },
        {
            "name": "wpackagist-plugin/wordpress-seo",
            "version": "15.5",
            "source": {
                "type": "svn",
                "url": "https://plugins.svn.wordpress.org/wordpress-seo/",
                "reference": "tags/15.5"
            },
            "dist": {
                "type": "zip",
                "url": "https://downloads.wordpress.org/plugin/wordpress-seo.15.5.zip"
            },
            "require": {
                "composer/installers": "~1.0"
            },
            "type": "wordpress-plugin",
            "homepage": "https://wordpress.org/plugins/wordpress-seo/"
        },
        {
            "name": "wpackagist-plugin/wp-syntax",
            "version": "1.1",
            "source": {
                "type": "svn",
                "url": "https://plugins.svn.wordpress.org/wp-syntax/",
                "reference": "tags/1.1"
            },
            "dist": {
                "type": "zip",
                "url": "https://downloads.wordpress.org/plugin/wp-syntax.1.1.zip"
            },
            "require": {
                "composer/installers": "~1.0"
            },
            "type": "wordpress-plugin",
            "homepage": "https://wordpress.org/plugins/wp-syntax/"
        },
        {
            "name": "wpackagist-plugin/yourls-link-creator",
            "version": "2.1.1",
            "source": {
                "type": "svn",
                "url": "https://plugins.svn.wordpress.org/yourls-link-creator/",
                "reference": "tags/2.1.1"
            },
            "dist": {
                "type": "zip",
                "url": "https://downloads.wordpress.org/plugin/yourls-link-creator.2.1.1.zip"
            },
            "require": {
                "composer/installers": "~1.0"
            },
            "type": "wordpress-plugin",
            "homepage": "https://wordpress.org/plugins/yourls-link-creator/"
        },
        {
            "name": "wpackagist-plugin/yourls-wordpress-to-twitter",
            "version": "1.6.1",
            "source": {
                "type": "svn",
                "url": "https://plugins.svn.wordpress.org/yourls-wordpress-to-twitter/",
                "reference": "tags/1.6.1"
            },
            "dist": {
                "type": "zip",
                "url": "https://downloads.wordpress.org/plugin/yourls-wordpress-to-twitter.1.6.1.zip"
            },
            "require": {
                "composer/installers": "~1.0"
            },
            "type": "wordpress-plugin",
            "homepage": "https://wordpress.org/plugins/yourls-wordpress-to-twitter/"
        },
        {
            "name": "wpackagist-theme/museum-core",
            "version": "2.1.6",
            "source": {
                "type": "svn",
                "url": "https://themes.svn.wordpress.org/museum-core/",
                "reference": "2.1.6"
            },
            "dist": {
                "type": "zip",
                "url": "https://downloads.wordpress.org/theme/museum-core.2.1.6.zip"
            },
            "require": {
                "composer/installers": "~1.0"
            },
            "type": "wordpress-theme",
            "homepage": "https://wordpress.org/themes/museum-core/"
        },
        {
            "name": "wpackagist-theme/twentyseventeen",
            "version": "2.5",
            "source": {
                "type": "svn",
                "url": "https://themes.svn.wordpress.org/twentyseventeen/",
                "reference": "2.5"
            },
            "dist": {
                "type": "zip",
                "url": "https://downloads.wordpress.org/theme/twentyseventeen.2.5.zip"
            },
            "require": {
                "composer/installers": "~1.0"
            },
            "type": "wordpress-theme",
            "homepage": "https://wordpress.org/themes/twentyseventeen/"
        }
    ],
    "packages-dev": [],
    "aliases": [],
    "minimum-stability": "stable",
    "stability-flags": [],
    "prefer-stable": false,
    "prefer-lowest": false,
    "platform": [],
    "platform-dev": [],
    "plugin-api-version": "1.1.0"
}
